
Microsoft Visual Studio Solution File, Format Version 12.00
# Visual Studio Version 17
VisualStudioVersion = 17.14.36518.9 d17.14
MinimumVisualStudioVersion = 10.0.40219.1
Project("{FAE04EC0-301F-11D3-BF4B-00C04F79EFBC}") = "StickEmUp", "StickEmUp\StickEmUp.csproj", "{6FD3C80F-A4F7-42EA-A01F-EF5FBA9DBE91}"
EndProject
Project("{FAE04EC0-301F-11D3-BF4B-00C04F79EFBC}") = "CakeBuild", "ZZCakeBuild\CakeBuild.csproj", "{3B0456B5-DA40-49A1-96EC-55C920708EE5}"
EndProject
Global
	GlobalSection(SolutionConfigurationPlatforms) = preSolution
		Debug|Any CPU = Debug|Any CPU
		Release|Any CPU = Release|Any CPU
	EndGlobalSection
	GlobalSection(ProjectConfigurationPlatforms) = postSolution
		{6FD3C80F-A4F7-42EA-A01F-EF5FBA9DBE91}.Debug|Any CPU.ActiveCfg = Debug|Any CPU
		{6FD3C80F-A4F7-42EA-A01F-EF5FBA9DBE91}.Debug|Any CPU.Build.0 = Debug|Any CPU
		{6FD3C80F-A4F7-42EA-A01F-EF5FBA9DBE91}.Release|Any CPU.ActiveCfg = Release|Any CPU
		{6FD3C80F-A4F7-42EA-A01F-EF5FBA9DBE91}.Release|Any CPU.Build.0 = Release|Any CPU
		{3B0456B5-DA40-49A1-96EC-55C920708EE5}.Debug|Any CPU.ActiveCfg = Debug|Any CPU
		{3B0456B5-DA40-49A1-96EC-55C920708EE5}.Debug|Any CPU.Build.0 = Debug|Any CPU
		{3B0456B5-DA40-49A1-96EC-55C920708EE5}.Release|Any CPU.ActiveCfg = Release|Any CPU
		{3B0456B5-DA40-49A1-96EC-55C920708EE5}.Release|Any CPU.Build.0 = Release|Any CPU
	EndGlobalSection
	GlobalSection(SolutionProperties) = preSolution
		HideSolutionNode = FALSE
	EndGlobalSection
	GlobalSection(ExtensibilityGlobals) = postSolution
		SolutionGuid = {3F9F6F1E-1B52-4FA3-B6CA-3E940160EA13}
	EndGlobalSection
EndGlobal
